{
  "name": "javascript-stack-trace-parsing-example",
  "version": "1.0.0",
  "lockfileVersion": 1,
  "requires": true,
  "dependencies": {
    "stacktrace-parser": {
      "version": "0.1.4",
      "resolved": "https://registry.npmjs.org/stacktrace-parser/-/stacktrace-parser-0.1.4.tgz",
      "integrity": "sha1-ATl5IuX2Ls8whFUiyVxP4dJefU4="
    }
  }
}
